{
  "name": "u83",
  "version": "1.0.0",
  "lockfileVersion": 3,
  "requires": true,
  "packages": {
    "": {
      "name": "u83",
      "version": "1.0.0",
      "license": "ISC",
      "dependencies": {
        "bubblesort": "^1.0.1"
      },
      "devDependencies": {}
    },
    "node_modules/bubblesort": {
      "version": "1.0.1",
      "resolved": "https://registry.npmjs.org/bubblesort/-/bubblesort-1.0.1.tgz",
      "integrity": "sha512-7ywT18OgLw5O+BNlIJxjQ+NXSkyePmr+844TRdSczZCEQuvM4wy+ELGtsvXUrsDnzkTCxwn+1657GcOWFSD13w=="
    }
  }
}
